
Microsoft Visual Studio Solution File, Format Version 11.00
# Visual Studio 2010
Project("{FAE04EC0-301F-11D3-BF4B-00C04F79EFBC}") = "Lab3_SEG3125", "Assembly-CSharp.csproj", "{88B3BFDE-85C4-626D-8F29-718423388A8A}"
EndProject
Global
	GlobalSection(SolutionConfigurationPlatforms) = preSolution
		Debug|Any CPU = Debug|Any CPU
		Release|Any CPU = Release|Any CPU
	EndGlobalSection
	GlobalSection(ProjectConfigurationPlatforms) = postSolution
		{88B3BFDE-85C4-626D-8F29-718423388A8A}.Debug|Any CPU.ActiveCfg = Debug|Any CPU
		{88B3BFDE-85C4-626D-8F29-718423388A8A}.Debug|Any CPU.Build.0 = Debug|Any CPU
		{88B3BFDE-85C4-626D-8F29-718423388A8A}.Release|Any CPU.ActiveCfg = Release|Any CPU
		{88B3BFDE-85C4-626D-8F29-718423388A8A}.Release|Any CPU.Build.0 = Release|Any CPU
	EndGlobalSection
	GlobalSection(SolutionProperties) = preSolution
		HideSolutionNode = FALSE
	EndGlobalSection
	GlobalSection(MonoDevelopProperties) = preSolution
		StartupItem = Assembly-CSharp.csproj
	EndGlobalSection
EndGlobal
